
Microsoft Visual Studio Solution File, Format Version 12.00
# Visual Studio Version 17
VisualStudioVersion = 17.0.32112.339
MinimumVisualStudioVersion = 10.0.40219.1
Project("{FAE04EC0-301F-11D3-BF4B-00C04F79EFBC}") = "ytdownloader", "ytdownloader\ytdownloader.csproj", "{F1311ACA-66AD-4A0E-952C-7E6F8FD314B9}"
EndProject
Global
	GlobalSection(SolutionConfigurationPlatforms) = preSolution
		Debug|Any CPU = Debug|Any CPU
		Release|Any CPU = Release|Any CPU
	EndGlobalSection
	GlobalSection(ProjectConfigurationPlatforms) = postSolution
		{F1311ACA-66AD-4A0E-952C-7E6F8FD314B9}.Debug|Any CPU.ActiveCfg = Debug|Any CPU
		{F1311ACA-66AD-4A0E-952C-7E6F8FD314B9}.Debug|Any CPU.Build.0 = Debug|Any CPU
		{F1311ACA-66AD-4A0E-952C-7E6F8FD314B9}.Release|Any CPU.ActiveCfg = Release|Any CPU
		{F1311ACA-66AD-4A0E-952C-7E6F8FD314B9}.Release|Any CPU.Build.0 = Release|Any CPU
	EndGlobalSection
	GlobalSection(SolutionProperties) = preSolution
		HideSolutionNode = FALSE
	EndGlobalSection
	GlobalSection(ExtensibilityGlobals) = postSolution
		SolutionGuid = {CF5F8B02-873E-489B-B9F9-8DCF3732E7D8}
	EndGlobalSection
EndGlobal
